
Microsoft Visual Studio Solution File, Format Version 12.00
# Visual Studio Version 16
VisualStudioVersion = 16.0.29728.190
MinimumVisualStudioVersion = 10.0.40219.1
Project("{FAE04EC0-301F-11D3-BF4B-00C04F79EFBC}") = "QuanLyThuVIen", "QuanLyThuVIen\QuanLyThuVIen.csproj", "{FF7DFA25-A7B9-4AD4-ABAE-27E3A44EBB99}"
EndProject
Global
	GlobalSection(SolutionConfigurationPlatforms) = preSolution
		Debug|Any CPU = Debug|Any CPU
		Release|Any CPU = Release|Any CPU
	EndGlobalSection
	GlobalSection(ProjectConfigurationPlatforms) = postSolution
		{FF7DFA25-A7B9-4AD4-ABAE-27E3A44EBB99}.Debug|Any CPU.ActiveCfg = Debug|Any CPU
		{FF7DFA25-A7B9-4AD4-ABAE-27E3A44EBB99}.Debug|Any CPU.Build.0 = Debug|Any CPU
		{FF7DFA25-A7B9-4AD4-ABAE-27E3A44EBB99}.Release|Any CPU.ActiveCfg = Release|Any CPU
		{FF7DFA25-A7B9-4AD4-ABAE-27E3A44EBB99}.Release|Any CPU.Build.0 = Release|Any CPU
	EndGlobalSection
	GlobalSection(SolutionProperties) = preSolution
		HideSolutionNode = FALSE
	EndGlobalSection
	GlobalSection(ExtensibilityGlobals) = postSolution
		SolutionGuid = {A513A247-E661-42A5-9424-40BDFFB2E198}
	EndGlobalSection
EndGlobal
